
Microsoft Visual Studio Solution File, Format Version 12.00
# Visual Studio 15
VisualStudioVersion = 15.0.28307.2092
MinimumVisualStudioVersion = 10.0.40219.1
Project("{8BC9CEB8-8B4A-11D0-8D11-00A0C91BC942}") = "3.33", "3.33\3.33.vcxproj", "{B5ECA09D-905E-4563-9E21-F00F6791B6F9}"
EndProject
Global
	GlobalSection(SolutionConfigurationPlatforms) = preSolution
		Debug|x64 = Debug|x64
		Debug|x86 = Debug|x86
		Release|x64 = Release|x64
		Release|x86 = Release|x86
	EndGlobalSection
	GlobalSection(ProjectConfigurationPlatforms) = postSolution
		{B5ECA09D-905E-4563-9E21-F00F6791B6F9}.Debug|x64.ActiveCfg = Debug|x64
		{B5ECA09D-905E-4563-9E21-F00F6791B6F9}.Debug|x64.Build.0 = Debug|x64
		{B5ECA09D-905E-4563-9E21-F00F6791B6F9}.Debug|x86.ActiveCfg = Debug|Win32
		{B5ECA09D-905E-4563-9E21-F00F6791B6F9}.Debug|x86.Build.0 = Debug|Win32
		{B5ECA09D-905E-4563-9E21-F00F6791B6F9}.Release|x64.ActiveCfg = Release|x64
		{B5ECA09D-905E-4563-9E21-F00F6791B6F9}.Release|x64.Build.0 = Release|x64
		{B5ECA09D-905E-4563-9E21-F00F6791B6F9}.Release|x86.ActiveCfg = Release|Win32
		{B5ECA09D-905E-4563-9E21-F00F6791B6F9}.Release|x86.Build.0 = Release|Win32
	EndGlobalSection
	GlobalSection(SolutionProperties) = preSolution
		HideSolutionNode = FALSE
	EndGlobalSection
	GlobalSection(ExtensibilityGlobals) = postSolution
		SolutionGuid = {1B55C195-B8F2-44E6-B09D-582649B408D3}
	EndGlobalSection
EndGlobal
